// !$*UTF8*$!
{
	archiveVersion = 1;
	classes = {
	};
	objectVersion = 46;
	objects = {

/* Begin PBXBuildFile section */
		1A93344C1B4AA24300D16965 /* TableViewController.m in Sources */ = {isa = PBXBuildFile; fileRef = 1A93344B1B4AA24300D16965 /* TableViewController.m */; };
		1A9334521B4AB89C00D16965 /* UITableView+FDTemplateLayoutCell.m in Sources */ = {isa = PBXBuildFile; fileRef = 1A9334511B4AB89C00D16965 /* UITableView+FDTemplateLayoutCell.m */; };
		1A9334571B4AC23300D16965 /* NewCell.xib in Resources */ = {isa = PBXBuildFile; fileRef = 1A9334551B4AC23300D16965 /* NewCell.xib */; };
		1A93345A1B4AC25900D16965 /* NewCell.m in Sources */ = {isa = PBXBuildFile; fileRef = 1A9334591B4AC25900D16965 /* NewCell.m */; };
		1AB5A2671B31651400756B0D /* main.m in Sources */ = {isa = PBXBuildFile; fileRef = 1AB5A2661B31651400756B0D /* main.m */; };
		1AB5A26A1B31651400756B0D /* AppDelegate.m in Sources */ = {isa = PBXBuildFile; fileRef = 1AB5A2691B31651400756B0D /* AppDelegate.m */; };
		1AB5A26D1B31651400756B0D /* ViewController.m in Sources */ = {isa = PBXBuildFile; fileRef = 1AB5A26C1B31651400756B0D /* ViewController.m */; };
		1AB5A2701B31651400756B0D /* Main.storyboard in Resources */ = {isa = PBXBuildFile; fileRef = 1AB5A26E1B31651400756B0D /* Main.storyboard */; };
		1AB5A2721B31651400756B0D /* Images.xcassets in Resources */ = {isa = PBXBuildFile; fileRef = 1AB5A2711B31651400756B0D /* Images.xcassets */; };
		1AB5A2751B31651400756B0D /* LaunchScreen.xib in Resources */ = {isa = PBXBuildFile; fileRef = 1AB5A2731B31651400756B0D /* LaunchScreen.xib */; };
		1AB5A2811B31651400756B0D /* AutoLayoutTestTests.m in Sources */ = {isa = PBXBuildFile; fileRef = 1AB5A2801B31651400756B0D /* AutoLayoutTestTests.m */; };
		1AB5A2A21B31654200756B0D /* MASCompositeConstraint.m in Sources */ = {isa = PBXBuildFile; fileRef = 1AB5A28C1B31654200756B0D /* MASCompositeConstraint.m */; };
		1AB5A2A31B31654200756B0D /* MASConstraint.m in Sources */ = {isa = PBXBuildFile; fileRef = 1AB5A28F1B31654200756B0D /* MASConstraint.m */; };
		1AB5A2A41B31654200756B0D /* MASConstraintMaker.m in Sources */ = {isa = PBXBuildFile; fileRef = 1AB5A2911B31654200756B0D /* MASConstraintMaker.m */; };
		1AB5A2A51B31654200756B0D /* MASLayoutConstraint.m in Sources */ = {isa = PBXBuildFile; fileRef = 1AB5A2931B31654200756B0D /* MASLayoutConstraint.m */; };
		1AB5A2A61B31654200756B0D /* MASViewAttribute.m in Sources */ = {isa = PBXBuildFile; fileRef = 1AB5A2971B31654200756B0D /* MASViewAttribute.m */; };
		1AB5A2A71B31654200756B0D /* MASViewConstraint.m in Sources */ = {isa = PBXBuildFile; fileRef = 1AB5A2991B31654200756B0D /* MASViewConstraint.m */; };
		1AB5A2A81B31654200756B0D /* NSArray+MASAdditions.m in Sources */ = {isa = PBXBuildFile; fileRef = 1AB5A29B1B31654200756B0D /* NSArray+MASAdditions.m */; };
		1AB5A2A91B31654200756B0D /* NSLayoutConstraint+MASDebugAdditions.m in Sources */ = {isa = PBXBuildFile; fileRef = 1AB5A29E1B31654200756B0D /* NSLayoutConstraint+MASDebugAdditions.m */; };
		1AB5A2AA1B31654200756B0D /* View+MASAdditions.m in Sources */ = {isa = PBXBuildFile; fileRef = 1AB5A2A01B31654200756B0D /* View+MASAdditions.m */; };
		1AB5A2AD1B316DF700756B0D /* UIView+Masonry.m in Sources */ = {isa = PBXBuildFile; fileRef = 1AB5A2AC1B316DF700756B0D /* UIView+Masonry.m */; };
/* End PBXBuildFile section */

/* Begin PBXContainerItemProxy section */
		1AB5A27B1B31651400756B0D /* PBXContainerItemProxy */ = {
			isa = PBXContainerItemProxy;
			containerPortal = 1AB5A2591B31651400756B0D /* Project object */;
			proxyType = 1;
			remoteGlobalIDString = 1AB5A2601B31651400756B0D;
			remoteInfo = AutoLayoutTest;
		};
/* End PBXContainerItemProxy section */

/* Begin PBXFileReference section */
		1A93344A1B4AA24300D16965 /* TableViewController.h */ = {isa = PBXFileReference; fileEncoding = 4; lastKnownFileType = sourcecode.c.h; path = TableViewController.h; sourceTree = "<group>"; };
		1A93344B1B4AA24300D16965 /* TableViewController.m */ = {isa = PBXFileReference; fileEncoding = 4; lastKnownFileType = sourcecode.c.objc; path = TableViewController.m; sourceTree = "<group>"; };
		1A9334501B4AB89C00D16965 /* UITableView+FDTemplateLayoutCell.h */ = {isa = PBXFileReference; fileEncoding = 4; lastKnownFileType = sourcecode.c.h; path = "UITableView+FDTemplateLayoutCell.h"; sourceTree = "<group>"; };
		1A9334511B4AB89C00D16965 /* UITableView+FDTemplateLayoutCell.m */ = {isa = PBXFileReference; fileEncoding = 4; lastKnownFileType = sourcecode.c.objc; path = "UITableView+FDTemplateLayoutCell.m"; sourceTree = "<group>"; };
		1A9334551B4AC23300D16965 /* NewCell.xib */ = {isa = PBXFileReference; fileEncoding = 4; lastKnownFileType = file.xib; path = NewCell.xib; sourceTree = "<group>"; };
		1A9334581B4AC25900D16965 /* NewCell.h */ = {isa = PBXFileReference; fileEncoding = 4; lastKnownFileType = sourcecode.c.h; path = NewCell.h; sourceTree = "<group>"; };
		1A9334591B4AC25900D16965 /* NewCell.m */ = {isa = PBXFileReference; fileEncoding = 4; lastKnownFileType = sourcecode.c.objc; path = NewCell.m; sourceTree = "<group>"; };
		1AB5A2611B31651400756B0D /* AutoLayoutTest.app */ = {isa = PBXFileReference; explicitFileType = wrapper.application; includeInIndex = 0; path = AutoLayoutTest.app; sourceTree = BUILT_PRODUCTS_DIR; };
		1AB5A2651B31651400756B0D /* Info.plist */ = {isa = PBXFileReference; lastKnownFileType = text.plist.xml; path = Info.plist; sourceTree = "<group>"; };
		1AB5A2661B31651400756B0D /* main.m */ = {isa = PBXFileReference; lastKnownFileType = sourcecode.c.objc; path = main.m; sourceTree = "<group>"; };
		1AB5A2681B31651400756B0D /* AppDelegate.h */ = {isa = PBXFileReference; lastKnownFileType = sourcecode.c.h; path = AppDelegate.h; sourceTree = "<group>"; };
		1AB5A2691B31651400756B0D /* AppDelegate.m */ = {isa = PBXFileReference; lastKnownFileType = sourcecode.c.objc; path = AppDelegate.m; sourceTree = "<group>"; };
		1AB5A26B1B31651400756B0D /* ViewController.h */ = {isa = PBXFileReference; lastKnownFileType = sourcecode.c.h; path = ViewController.h; sourceTree = "<group>"; };
		1AB5A26C1B31651400756B0D /* ViewController.m */ = {isa = PBXFileReference; lastKnownFileType = sourcecode.c.objc; path = ViewController.m; sourceTree = "<group>"; };
		1AB5A26F1B31651400756B0D /* Base */ = {isa = PBXFileReference; lastKnownFileType = file.storyboard; name = Base; path = Base.lproj/Main.storyboard; sourceTree = "<group>"; };
		1AB5A2711B31651400756B0D /* Images.xcassets */ = {isa = PBXFileReference; lastKnownFileType = folder.assetcatalog; path = Images.xcassets; sourceTree = "<group>"; };
		1AB5A2741B31651400756B0D /* Base */ = {isa = PBXFileReference; lastKnownFileType = file.xib; name = Base; path = Base.lproj/LaunchScreen.xib; sourceTree = "<group>"; };
		1AB5A27A1B31651400756B0D /* AutoLayoutTestTests.xctest */ = {isa = PBXFileReference; explicitFileType = wrapper.cfbundle; includeInIndex = 0; path = AutoLayoutTestTests.xctest; sourceTree = BUILT_PRODUCTS_DIR; };
		1AB5A27F1B31651400756B0D /* Info.plist */ = {isa = PBXFileReference; lastKnownFileType = text.plist.xml; path = Info.plist; sourceTree = "<group>"; };
		1AB5A2801B31651400756B0D /* AutoLayoutTestTests.m */ = {isa = PBXFileReference; lastKnownFileType = sourcecode.c.objc; path = AutoLayoutTestTests.m; sourceTree = "<group>"; };
		1AB5A28B1B31654200756B0D /* MASCompositeConstraint.h */ = {isa = PBXFileReference; fileEncoding = 4; lastKnownFileType = sourcecode.c.h; path = MASCompositeConstraint.h; sourceTree = "<group>"; };
		1AB5A28C1B31654200756B0D /* MASCompositeConstraint.m */ = {isa = PBXFileReference; fileEncoding = 4; lastKnownFileType = sourcecode.c.objc; path = MASCompositeConstraint.m; sourceTree = "<group>"; };
		1AB5A28D1B31654200756B0D /* MASConstraint+Private.h */ = {isa = PBXFileReference; fileEncoding = 4; lastKnownFileType = sourcecode.c.h; path = "MASConstraint+Private.h"; sourceTree = "<group>"; };
		1AB5A28E1B31654200756B0D /* MASConstraint.h */ = {isa = PBXFileReference; fileEncoding = 4; lastKnownFileType = sourcecode.c.h; path = MASConstraint.h; sourceTree = "<group>"; };
		1AB5A28F1B31654200756B0D /* MASConstraint.m */ = {isa = PBXFileReference; fileEncoding = 4; lastKnownFileType = sourcecode.c.objc; path = MASConstraint.m; sourceTree = "<group>"; };
		1AB5A2901B31654200756B0D /* MASConstraintMaker.h */ = {isa = PBXFileReference; fileEncoding = 4; lastKnownFileType = sourcecode.c.h; path = MASConstraintMaker.h; sourceTree = "<group>"; };
		1AB5A2911B31654200756B0D /* MASConstraintMaker.m */ = {isa = PBXFileReference; fileEncoding = 4; lastKnownFileType = sourcecode.c.objc; path = MASConstraintMaker.m; sourceTree = "<group>"; };
		1AB5A2921B31654200756B0D /* MASLayoutConstraint.h */ = {isa = PBXFileReference; fileEncoding = 4; lastKnownFileType = sourcecode.c.h; path = MASLayoutConstraint.h; sourceTree = "<group>"; };
		1AB5A2931B31654200756B0D /* MASLayoutConstraint.m */ = {isa = PBXFileReference; fileEncoding = 4; lastKnownFileType = sourcecode.c.objc; path = MASLayoutConstraint.m; sourceTree = "<group>"; };
		1AB5A2941B31654200756B0D /* Masonry.h */ = {isa = PBXFileReference; fileEncoding = 4; lastKnownFileType = sourcecode.c.h; path = Masonry.h; sourceTree = "<group>"; };
		1AB5A2951B31654200756B0D /* MASUtilities.h */ = {isa = PBXFileReference; fileEncoding = 4; lastKnownFileType = sourcecode.c.h; path = MASUtilities.h; sourceTree = "<group>"; };
		1AB5A2961B31654200756B0D /* MASViewAttribute.h */ = {isa = PBXFileReference; fileEncoding = 4; lastKnownFileType = sourcecode.c.h; path = MASViewAttribute.h; sourceTree = "<group>"; };
		1AB5A2971B31654200756B0D /* MASViewAttribute.m */ = {isa = PBXFileReference; fileEncoding = 4; lastKnownFileType = sourcecode.c.objc; path = MASViewAttribute.m; sourceTree = "<group>"; };
		1AB5A2981B31654200756B0D /* MASViewConstraint.h */ = {isa = PBXFileReference; fileEncoding = 4; lastKnownFileType = sourcecode.c.h; path = MASViewConstraint.h; sourceTree = "<group>"; };
		1AB5A2991B31654200756B0D /* MASViewConstraint.m */ = {isa = PBXFileReference; fileEncoding = 4; lastKnownFileType = sourcecode.c.objc; path = MASViewConstraint.m; sourceTree = "<group>"; };
		1AB5A29A1B31654200756B0D /* NSArray+MASAdditions.h */ = {isa = PBXFileReference; fileEncoding = 4; lastKnownFileType = sourcecode.c.h; path = "NSArray+MASAdditions.h"; sourceTree = "<group>"; };
		1AB5A29B1B31654200756B0D /* NSArray+MASAdditions.m */ = {isa = PBXFileReference; fileEncoding = 4; lastKnownFileType = sourcecode.c.objc; path = "NSArray+MASAdditions.m"; sourceTree = "<group>"; };
		1AB5A29C1B31654200756B0D /* NSArray+MASShorthandAdditions.h */ = {isa = PBXFileReference; fileEncoding = 4; lastKnownFileType = sourcecode.c.h; path = "NSArray+MASShorthandAdditions.h"; sourceTree = "<group>"; };
		1AB5A29D1B31654200756B0D /* NSLayoutConstraint+MASDebugAdditions.h */ = {isa = PBXFileReference; fileEncoding = 4; lastKnownFileType = sourcecode.c.h; path = "NSLayoutConstraint+MASDebugAdditions.h"; sourceTree = "<group>"; };
		1AB5A29E1B31654200756B0D /* NSLayoutConstraint+MASDebugAdditions.m */ = {isa = PBXFileReference; fileEncoding = 4; lastKnownFileType = sourcecode.c.objc; path = "NSLayoutConstraint+MASDebugAdditions.m"; sourceTree = "<group>"; };
		1AB5A29F1B31654200756B0D /* View+MASAdditions.h */ = {isa = PBXFileReference; fileEncoding = 4; lastKnownFileType = sourcecode.c.h; path = "View+MASAdditions.h"; sourceTree = "<group>"; };
		1AB5A2A01B31654200756B0D /* View+MASAdditions.m */ = {isa = PBXFileReference; fileEncoding = 4; lastKnownFileType = sourcecode.c.objc; path = "View+MASAdditions.m"; sourceTree = "<group>"; };
		1AB5A2A11B31654200756B0D /* View+MASShorthandAdditions.h */ = {isa = PBXFileReference; fileEncoding = 4; lastKnownFileType = sourcecode.c.h; path = "View+MASShorthandAdditions.h"; sourceTree = "<group>"; };
		1AB5A2AB1B316DF700756B0D /* UIView+Masonry.h */ = {isa = PBXFileReference; fileEncoding = 4; lastKnownFileType = sourcecode.c.h; path = "UIView+Masonry.h"; sourceTree = "<group>"; };
		1AB5A2AC1B316DF700756B0D /* UIView+Masonry.m */ = {isa = PBXFileReference; fileEncoding = 4; lastKnownFileType = sourcecode.c.objc; path = "UIView+Masonry.m"; sourceTree = "<group>"; };
/* End PBXFileReference section */

/* Begin PBXFrameworksBuildPhase section */
		1AB5A25E1B31651400756B0D /* Frameworks */ = {
			isa = PBXFrameworksBuildPhase;
			buildActionMask = 2147483647;
			files = (
			);
			runOnlyForDeploymentPostprocessing = 0;
		};
		1AB5A2771B31651400756B0D /* Frameworks */ = {
			isa = PBXFrameworksBuildPhase;
			buildActionMask = 2147483647;
			files = (
			);
			runOnlyForDeploymentPostprocessing = 0;
		};
/* End PBXFrameworksBuildPhase section */

/* Begin PBXGroup section */
		1AB5A2581B31651400756B0D = {
			isa = PBXGroup;
			children = (
				1AB5A2631B31651400756B0D /* AutoLayoutTest */,
				1AB5A27D1B31651400756B0D /* AutoLayoutTestTests */,
				1AB5A2621B31651400756B0D /* Products */,
			);
			sourceTree = "<group>";
		};
		1AB5A2621B31651400756B0D /* Products */ = {
			isa = PBXGroup;
			children = (
				1AB5A2611B31651400756B0D /* AutoLayoutTest.app */,
				1AB5A27A1B31651400756B0D /* AutoLayoutTestTests.xctest */,
			);
			name = Products;
			sourceTree = "<group>";
		};
		1AB5A2631B31651400756B0D /* AutoLayoutTest */ = {
			isa = PBXGroup;
			children = (
				1AB5A28A1B31654200756B0D /* Masonry */,
				1AB5A2681B31651400756B0D /* AppDelegate.h */,
				1AB5A2691B31651400756B0D /* AppDelegate.m */,
				1AB5A26B1B31651400756B0D /* ViewController.h */,
				1AB5A26C1B31651400756B0D /* ViewController.m */,
				1AB5A26E1B31651400756B0D /* Main.storyboard */,
				1AB5A2711B31651400756B0D /* Images.xcassets */,
				1AB5A2731B31651400756B0D /* LaunchScreen.xib */,
				1AB5A2641B31651400756B0D /* Supporting Files */,
				1AB5A2AB1B316DF700756B0D /* UIView+Masonry.h */,
				1AB5A2AC1B316DF700756B0D /* UIView+Masonry.m */,
				1A93344A1B4AA24300D16965 /* TableViewController.h */,
				1A93344B1B4AA24300D16965 /* TableViewController.m */,
				1A9334501B4AB89C00D16965 /* UITableView+FDTemplateLayoutCell.h */,
				1A9334511B4AB89C00D16965 /* UITableView+FDTemplateLayoutCell.m */,
				1A9334581B4AC25900D16965 /* NewCell.h */,
				1A9334591B4AC25900D16965 /* NewCell.m */,
				1A9334551B4AC23300D16965 /* NewCell.xib */,
			);
			path = AutoLayoutTest;
			sourceTree = "<group>";
		};
		1AB5A2641B31651400756B0D /* Supporting Files */ = {
			isa = PBXGroup;
			children = (
				1AB5A2651B31651400756B0D /* Info.plist */,
				1AB5A2661B31651400756B0D /* main.m */,
			);
			name = "Supporting Files";
			sourceTree = "<group>";
		};
		1AB5A27D1B31651400756B0D /* AutoLayoutTestTests */ = {
			isa = PBXGroup;
			children = (
				1AB5A2801B31651400756B0D /* AutoLayoutTestTests.m */,
				1AB5A27E1B31651400756B0D /* Supporting Files */,
			);
			path = AutoLayoutTestTests;
			sourceTree = "<group>";
		};
		1AB5A27E1B31651400756B0D /* Supporting Files */ = {
			isa = PBXGroup;
			children = (
				1AB5A27F1B31651400756B0D /* Info.plist */,
			);
			name = "Supporting Files";
			sourceTree = "<group>";
		};
		1AB5A28A1B31654200756B0D /* Masonry */ = {
			isa = PBXGroup;
			children = (
				1AB5A28B1B31654200756B0D /* MASCompositeConstraint.h */,
				1AB5A28C1B31654200756B0D /* MASCompositeConstraint.m */,
				1AB5A28D1B31654200756B0D /* MASConstraint+Private.h */,
				1AB5A28E1B31654200756B0D /* MASConstraint.h */,
				1AB5A28F1B31654200756B0D /* MASConstraint.m */,
				1AB5A2901B31654200756B0D /* MASConstraintMaker.h */,
				1AB5A2911B31654200756B0D /* MASConstraintMaker.m */,
				1AB5A2921B31654200756B0D /* MASLayoutConstraint.h */,
				1AB5A2931B31654200756B0D /* MASLayoutConstraint.m */,
				1AB5A2941B31654200756B0D /* Masonry.h */,
				1AB5A2951B31654200756B0D /* MASUtilities.h */,
				1AB5A2961B31654200756B0D /* MASViewAttribute.h */,
				1AB5A2971B31654200756B0D /* MASViewAttribute.m */,
				1AB5A2981B31654200756B0D /* MASViewConstraint.h */,
				1AB5A2991B31654200756B0D /* MASViewConstraint.m */,
				1AB5A29A1B31654200756B0D /* NSArray+MASAdditions.h */,
				1AB5A29B1B31654200756B0D /* NSArray+MASAdditions.m */,
				1AB5A29C1B31654200756B0D /* NSArray+MASShorthandAdditions.h */,
				1AB5A29D1B31654200756B0D /* NSLayoutConstraint+MASDebugAdditions.h */,
				1AB5A29E1B31654200756B0D /* NSLayoutConstraint+MASDebugAdditions.m */,
				1AB5A29F1B31654200756B0D /* View+MASAdditions.h */,
				1AB5A2A01B31654200756B0D /* View+MASAdditions.m */,
				1AB5A2A11B31654200756B0D /* View+MASShorthandAdditions.h */,
			);
			path = Masonry;
			sourceTree = "<group>";
		};
/* End PBXGroup section */

/* Begin PBXNativeTarget section */
		1AB5A2601B31651400756B0D /* AutoLayoutTest */ = {
			isa = PBXNativeTarget;
			buildConfigurationList = 1AB5A2841B31651400756B0D /* Build configuration list for PBXNativeTarget "AutoLayoutTest" */;
			buildPhases = (
				1AB5A25D1B31651400756B0D /* Sources */,
				1AB5A25E1B31651400756B0D /* Frameworks */,
				1AB5A25F1B31651400756B0D /* Resources */,
			);
			buildRules = (
			);
			dependencies = (
			);
			name = AutoLayoutTest;
			productName = AutoLayoutTest;
			productReference = 1AB5A2611B31651400756B0D /* AutoLayoutTest.app */;
			productType = "com.apple.product-type.application";
		};
		1AB5A2791B31651400756B0D /* AutoLayoutTestTests */ = {
			isa = PBXNativeTarget;
			buildConfigurationList = 1AB5A2871B31651400756B0D /* Build configuration list for PBXNativeTarget "AutoLayoutTestTests" */;
			buildPhases = (
				1AB5A2761B31651400756B0D /* Sources */,
				1AB5A2771B31651400756B0D /* Frameworks */,
				1AB5A2781B31651400756B0D /* Resources */,
			);
			buildRules = (
			);
			dependencies = (
				1AB5A27C1B31651400756B0D /* PBXTargetDependency */,
			);
			name = AutoLayoutTestTests;
			productName = AutoLayoutTestTests;
			productReference = 1AB5A27A1B31651400756B0D /* AutoLayoutTestTests.xctest */;
			productType = "com.apple.product-type.bundle.unit-test";
		};
/* End PBXNativeTarget section */

/* Begin PBXProject section */
		1AB5A2591B31651400756B0D /* Project object */ = {
			isa = PBXProject;
			attributes = {
				LastUpgradeCheck = 0630;
				ORGANIZATIONNAME = ZhangBo;
				TargetAttributes = {
					1AB5A2601B31651400756B0D = {
						CreatedOnToolsVersion = 6.3.2;
					};
					1AB5A2791B31651400756B0D = {
						CreatedOnToolsVersion = 6.3.2;
						TestTargetID = 1AB5A2601B31651400756B0D;
					};
				};
			};
			buildConfigurationList = 1AB5A25C1B31651400756B0D /* Build configuration list for PBXProject "AutoLayoutTest" */;
			compatibilityVersion = "Xcode 3.2";
			developmentRegion = English;
			hasScannedForEncodings = 0;
			knownRegions = (
				en,
				Base,
			);
			mainGroup = 1AB5A2581B31651400756B0D;
			productRefGroup = 1AB5A2621B31651400756B0D /* Products */;
			projectDirPath = "";
			projectRoot = "";
			targets = (
				1AB5A2601B31651400756B0D /* AutoLayoutTest */,
				1AB5A2791B31651400756B0D /* AutoLayoutTestTests */,
			);
		};
/* End PBXProject section */

/* Begin PBXResourcesBuildPhase section */
		1AB5A25F1B31651400756B0D /* Resources */ = {
			isa = PBXResourcesBuildPhase;
			buildActionMask = 2147483647;
			files = (
				1AB5A2701B31651400756B0D /* Main.storyboard in Resources */,
				1AB5A2751B31651400756B0D /* LaunchScreen.xib in Resources */,
				1A9334571B4AC23300D16965 /* NewCell.xib in Resources */,
				1AB5A2721B31651400756B0D /* Images.xcassets in Resources */,
			);
			runOnlyForDeploymentPostprocessing = 0;
		};
		1AB5A2781B31651400756B0D /* Resources */ = {
			isa = PBXResourcesBuildPhase;
			buildActionMask = 2147483647;
			files = (
			);
			runOnlyForDeploymentPostprocessing = 0;
		};
/* End PBXResourcesBuildPhase section */

/* Begin PBXSourcesBuildPhase section */
		1AB5A25D1B31651400756B0D /* Sources */ = {
			isa = PBXSourcesBuildPhase;
			buildActionMask = 2147483647;
			files = (
				1AB5A2A91B31654200756B0D /* NSLayoutConstraint+MASDebugAdditions.m in Sources */,
				1A9334521B4AB89C00D16965 /* UITableView+FDTemplateLayoutCell.m in Sources */,
				1AB5A2A71B31654200756B0D /* MASViewConstraint.m in Sources */,
				1AB5A2A21B31654200756B0D /* MASCompositeConstraint.m in Sources */,
				1AB5A2AD1B316DF700756B0D /* UIView+Masonry.m in Sources */,
				1AB5A2A81B31654200756B0D /* NSArray+MASAdditions.m in Sources */,
				1A93344C1B4AA24300D16965 /* TableViewController.m in Sources */,
				1AB5A26D1B31651400756B0D /* ViewController.m in Sources */,
				1AB5A26A1B31651400756B0D /* AppDelegate.m in Sources */,
				1AB5A2A51B31654200756B0D /* MASLayoutConstraint.m in Sources */,
				1AB5A2671B31651400756B0D /* main.m in Sources */,
				1AB5A2AA1B31654200756B0D /* View+MASAdditions.m in Sources */,
				1AB5A2A61B31654200756B0D /* MASViewAttribute.m in Sources */,
				1AB5A2A31B31654200756B0D /* MASConstraint.m in Sources */,
				1A93345A1B4AC25900D16965 /* NewCell.m in Sources */,
				1AB5A2A41B31654200756B0D /* MASConstraintMaker.m in Sources */,
			);
			runOnlyForDeploymentPostprocessing = 0;
		};
		1AB5A2761B31651400756B0D /* Sources */ = {
			isa = PBXSourcesBuildPhase;
			buildActionMask = 2147483647;
			files = (
				1AB5A2811B31651400756B0D /* AutoLayoutTestTests.m in Sources */,
			);
			runOnlyForDeploymentPostprocessing = 0;
		};
/* End PBXSourcesBuildPhase section */

/* Begin PBXTargetDependency section */
		1AB5A27C1B31651400756B0D /* PBXTargetDependency */ = {
			isa = PBXTargetDependency;
			target = 1AB5A2601B31651400756B0D /* AutoLayoutTest */;
			targetProxy = 1AB5A27B1B31651400756B0D /* PBXContainerItemProxy */;
		};
/* End PBXTargetDependency section */

/* Begin PBXVariantGroup section */
		1AB5A26E1B31651400756B0D /* Main.storyboard */ = {
			isa = PBXVariantGroup;
			children = (
				1AB5A26F1B31651400756B0D /* Base */,
			);
			name = Main.storyboard;
			sourceTree = "<group>";
		};
		1AB5A2731B31651400756B0D /* LaunchScreen.xib */ = {
			isa = PBXVariantGroup;
			children = (
				1AB5A2741B31651400756B0D /* Base */,
			);
			name = LaunchScreen.xib;
			sourceTree = "<group>";
		};
/* End PBXVariantGroup section */

/* Begin XCBuildConfiguration section */
		1AB5A2821B31651400756B0D /* Debug */ = {
			isa = XCBuildConfiguration;
			buildSettings = {
				ALWAYS_SEARCH_USER_PATHS = NO;
				CLANG_CXX_LANGUAGE_STANDARD = "gnu++0x";
				CLANG_CXX_LIBRARY = "libc++";
				CLANG_ENABLE_MODULES = YES;
				CLANG_ENABLE_OBJC_ARC = YES;
				CLANG_WARN_BOOL_CONVERSION = YES;
				CLANG_WARN_CONSTANT_CONVERSION = YES;
				CLANG_WARN_DIRECT_OBJC_ISA_USAGE = YES_ERROR;
				CLANG_WARN_EMPTY_BODY = YES;
				CLANG_WARN_ENUM_CONVERSION = YES;
				CLANG_WARN_INT_CONVERSION = YES;
				CLANG_WARN_OBJC_ROOT_CLASS = YES_ERROR;
				CLANG_WARN_UNREACHABLE_CODE = YES;
				CLANG_WARN__DUPLICATE_METHOD_MATCH = YES;
				"CODE_SIGN_IDENTITY[sdk=iphoneos*]" = "iPhone Developer";
				COPY_PHASE_STRIP = NO;
				DEBUG_INFORMATION_FORMAT = "dwarf-with-dsym";
				ENABLE_STRICT_OBJC_MSGSEND = YES;
				GCC_C_LANGUAGE_STANDARD = gnu99;
				GCC_DYNAMIC_NO_PIC = NO;
				GCC_NO_COMMON_BLOCKS = YES;
				GCC_OPTIMIZATION_LEVEL = 0;
				GCC_PREPROCESSOR_DEFINITIONS = (
					"DEBUG=1",
					"$(inherited)",
				);
				GCC_SYMBOLS_PRIVATE_EXTERN = NO;
				GCC_WARN_64_TO_32_BIT_CONVERSION = YES;
				GCC_WARN_ABOUT_RETURN_TYPE = YES_ERROR;
				GCC_WARN_UNDECLARED_SELECTOR = YES;
				GCC_WARN_UNINITIALIZED_AUTOS = YES_AGGRESSIVE;
				GCC_WARN_UNUSED_FUNCTION = YES;
				GCC_WARN_UNUSED_VARIABLE = YES;
				IPHONEOS_DEPLOYMENT_TARGET = 8.3;
				MTL_ENABLE_DEBUG_INFO = YES;
				ONLY_ACTIVE_ARCH = YES;
				SDKROOT = iphoneos;
			};
			name = Debug;
		};
		1AB5A2831B31651400756B0D /* Release */ = {
			isa = XCBuildConfiguration;
			buildSettings = {
				ALWAYS_SEARCH_USER_PATHS = NO;
				CLANG_CXX_LANGUAGE_STANDARD = "gnu++0x";
				CLANG_CXX_LIBRARY = "libc++";
				CLANG_ENABLE_MODULES = YES;
				CLANG_ENABLE_OBJC_ARC = YES;
				CLANG_WARN_BOOL_CONVERSION = YES;
				CLANG_WARN_CONSTANT_CONVERSION = YES;
				CLANG_WARN_DIRECT_OBJC_ISA_USAGE = YES_ERROR;
				CLANG_WARN_EMPTY_BODY = YES;
				CLANG_WARN_ENUM_CONVERSION = YES;
				CLANG_WARN_INT_CONVERSION = YES;
				CLANG_WARN_OBJC_ROOT_CLASS = YES_ERROR;
				CLANG_WARN_UNREACHABLE_CODE = YES;
				CLANG_WARN__DUPLICATE_METHOD_MATCH = YES;
				"CODE_SIGN_IDENTITY[sdk=iphoneos*]" = "iPhone Developer";
				COPY_PHASE_STRIP = NO;
				DEBUG_INFORMATION_FORMAT = "dwarf-with-dsym";
				ENABLE_NS_ASSERTIONS = NO;
				ENABLE_STRICT_OBJC_MSGSEND = YES;
				GCC_C_LANGUAGE_STANDARD = gnu99;
				GCC_NO_COMMON_BLOCKS = YES;
				GCC_WARN_64_TO_32_BIT_CONVERSION = YES;
				GCC_WARN_ABOUT_RETURN_TYPE = YES_ERROR;
				GCC_WARN_UNDECLARED_SELECTOR = YES;
				GCC_WARN_UNINITIALIZED_AUTOS = YES_AGGRESSIVE;
				GCC_WARN_UNUSED_FUNCTION = YES;
				GCC_WARN_UNUSED_VARIABLE = YES;
				IPHONEOS_DEPLOYMENT_TARGET = 8.3;
				MTL_ENABLE_DEBUG_INFO = NO;
				SDKROOT = iphoneos;
				VALIDATE_PRODUCT = YES;
			};
			name = Release;
		};
		1AB5A2851B31651400756B0D /* Debug */ = {
			isa = XCBuildConfiguration;
			buildSettings = {
				ASSETCATALOG_COMPILER_APPICON_NAME = AppIcon;
				INFOPLIST_FILE = AutoLayoutTest/Info.plist;
				LD_RUNPATH_SEARCH_PATHS = "$(inherited) @executable_path/Frameworks";
				PRODUCT_NAME = "$(TARGET_NAME)";
			};
			name = Debug;
		};
		1AB5A2861B31651400756B0D /* Release */ = {
			isa = XCBuildConfiguration;
			buildSettings = {
				ASSETCATALOG_COMPILER_APPICON_NAME = AppIcon;
				INFOPLIST_FILE = AutoLayoutTest/Info.plist;
				LD_RUNPATH_SEARCH_PATHS = "$(inherited) @executable_path/Frameworks";
				PRODUCT_NAME = "$(TARGET_NAME)";
			};
			name = Release;
		};
		1AB5A2881B31651400756B0D /* Debug */ = {
			isa = XCBuildConfiguration;
			buildSettings = {
				BUNDLE_LOADER = "$(TEST_HOST)";
				FRAMEWORK_SEARCH_PATHS = (
					"$(SDKROOT)/Developer/Library/Frameworks",
					"$(inherited)",
				);
				GCC_PREPROCESSOR_DEFINITIONS = (
					"DEBUG=1",
					"$(inherited)",
				);
				INFOPLIST_FILE = AutoLayoutTestTests/Info.plist;
				LD_RUNPATH_SEARCH_PATHS = "$(inherited) @executable_path/Frameworks @loader_path/Frameworks";
				PRODUCT_NAME = "$(TARGET_NAME)";
				TEST_HOST = "$(BUILT_PRODUCTS_DIR)/AutoLayoutTest.app/AutoLayoutTest";
			};
			name = Debug;
		};
		1AB5A2891B31651400756B0D /* Release */ = {
			isa = XCBuildConfiguration;
			buildSettings = {
				BUNDLE_LOADER = "$(TEST_HOST)";
				FRAMEWORK_SEARCH_PATHS = (
					"$(SDKROOT)/Developer/Library/Frameworks",
					"$(inherited)",
				);
				INFOPLIST_FILE = AutoLayoutTestTests/Info.plist;
				LD_RUNPATH_SEARCH_PATHS = "$(inherited) @executable_path/Frameworks @loader_path/Frameworks";
				PRODUCT_NAME = "$(TARGET_NAME)";
				TEST_HOST = "$(BUILT_PRODUCTS_DIR)/AutoLayoutTest.app/AutoLayoutTest";
			};
			name = Release;
		};
/* End XCBuildConfiguration section */

/* Begin XCConfigurationList section */
		1AB5A25C1B31651400756B0D /* Build configuration list for PBXProject "AutoLayoutTest" */ = {
			isa = XCConfigurationList;
			buildConfigurations = (
				1AB5A2821B31651400756B0D /* Debug */,
				1AB5A2831B31651400756B0D /* Release */,
			);
			defaultConfigurationIsVisible = 0;
			defaultConfigurationName = Release;
		};
		1AB5A2841B31651400756B0D /* Build configuration list for PBXNativeTarget "AutoLayoutTest" */ = {
			isa = XCConfigurationList;
			buildConfigurations = (
				1AB5A2851B31651400756B0D /* Debug */,
				1AB5A2861B31651400756B0D /* Release */,
			);
			defaultConfigurationIsVisible = 0;
			defaultConfigurationName = Release;
		};
		1AB5A2871B31651400756B0D /* Build configuration list for PBXNativeTarget "AutoLayoutTestTests" */ = {
			isa = XCConfigurationList;
			buildConfigurations = (
				1AB5A2881B31651400756B0D /* Debug */,
				1AB5A2891B31651400756B0D /* Release */,
			);
			defaultConfigurationIsVisible = 0;
			defaultConfigurationName = Release;
		};
/* End XCConfigurationList section */
	};
	rootObject = 1AB5A2591B31651400756B0D /* Project object */;
}
